
Microsoft Visual Studio Solution File, Format Version 12.00
# Visual Studio 2012
Project("{FAE04EC0-301F-11D3-BF4B-00C04F79EFBC}") = "ReqOneApiReference", "ReqOneApiReference\ReqOneApiReference.csproj", "{5FA04859-1D5C-430C-8112-88B919B79F6A}"
EndProject
Project("{FAE04EC0-301F-11D3-BF4B-00C04F79EFBC}") = "RequirementONEQuickStartWeb", "ReqONEQuickStartWeb\RequirementONEQuickStartWeb.csproj", "{552AB30A-B03A-47EB-8635-83E7412D2CB4}"
EndProject
Global
	GlobalSection(SolutionConfigurationPlatforms) = preSolution
		Debug|Any CPU = Debug|Any CPU
		Release|Any CPU = Release|Any CPU
	EndGlobalSection
	GlobalSection(ProjectConfigurationPlatforms) = postSolution
		{5FA04859-1D5C-430C-8112-88B919B79F6A}.Debug|Any CPU.ActiveCfg = Debug|Any CPU
		{5FA04859-1D5C-430C-8112-88B919B79F6A}.Debug|Any CPU.Build.0 = Debug|Any CPU
		{5FA04859-1D5C-430C-8112-88B919B79F6A}.Release|Any CPU.ActiveCfg = Release|Any CPU
		{5FA04859-1D5C-430C-8112-88B919B79F6A}.Release|Any CPU.Build.0 = Release|Any CPU
		{552AB30A-B03A-47EB-8635-83E7412D2CB4}.Debug|Any CPU.ActiveCfg = Debug|Any CPU
		{552AB30A-B03A-47EB-8635-83E7412D2CB4}.Debug|Any CPU.Build.0 = Debug|Any CPU
		{552AB30A-B03A-47EB-8635-83E7412D2CB4}.Release|Any CPU.ActiveCfg = Release|Any CPU
		{552AB30A-B03A-47EB-8635-83E7412D2CB4}.Release|Any CPU.Build.0 = Release|Any CPU
	EndGlobalSection
	GlobalSection(SolutionProperties) = preSolution
		HideSolutionNode = FALSE
	EndGlobalSection
EndGlobal
